
Microsoft Visual Studio Solution File, Format Version 12.00
# Visual Studio Version 16
VisualStudioVersion = 16.0.30711.63
MinimumVisualStudioVersion = 10.0.40219.1
Project("{FAE04EC0-301F-11D3-BF4B-00C04F79EFBC}") = "windowCar", "windowCar.csproj", "{51A1A33D-971E-4D0F-A8EF-E221E167586C}"
EndProject
Global
	GlobalSection(SolutionConfigurationPlatforms) = preSolution
		Debug|Any CPU = Debug|Any CPU
		Release|Any CPU = Release|Any CPU
	EndGlobalSection
	GlobalSection(ProjectConfigurationPlatforms) = postSolution
		{51A1A33D-971E-4D0F-A8EF-E221E167586C}.Debug|Any CPU.ActiveCfg = Debug|Any CPU
		{51A1A33D-971E-4D0F-A8EF-E221E167586C}.Debug|Any CPU.Build.0 = Debug|Any CPU
		{51A1A33D-971E-4D0F-A8EF-E221E167586C}.Release|Any CPU.ActiveCfg = Release|Any CPU
		{51A1A33D-971E-4D0F-A8EF-E221E167586C}.Release|Any CPU.Build.0 = Release|Any CPU
	EndGlobalSection
	GlobalSection(SolutionProperties) = preSolution
		HideSolutionNode = FALSE
	EndGlobalSection
	GlobalSection(ExtensibilityGlobals) = postSolution
		SolutionGuid = {528EB721-D3D9-4966-ACD3-32DD4F30419C}
	EndGlobalSection
EndGlobal
